
Microsoft Visual Studio Solution File, Format Version 12.00
# Visual Studio Version 17
VisualStudioVersion = 17.7.34221.43
MinimumVisualStudioVersion = 10.0.40219.1
Project("{FAE04EC0-301F-11D3-BF4B-00C04F79EFBC}") = "calcolatrice", "calcolatrice\calcolatrice.csproj", "{CE92A562-20AD-4BE1-A57A-A13699D5B69F}"
EndProject
Global
	GlobalSection(SolutionConfigurationPlatforms) = preSolution
		Debug|Any CPU = Debug|Any CPU
		Release|Any CPU = Release|Any CPU
	EndGlobalSection
	GlobalSection(ProjectConfigurationPlatforms) = postSolution
		{CE92A562-20AD-4BE1-A57A-A13699D5B69F}.Debug|Any CPU.ActiveCfg = Debug|Any CPU
		{CE92A562-20AD-4BE1-A57A-A13699D5B69F}.Debug|Any CPU.Build.0 = Debug|Any CPU
		{CE92A562-20AD-4BE1-A57A-A13699D5B69F}.Release|Any CPU.ActiveCfg = Release|Any CPU
		{CE92A562-20AD-4BE1-A57A-A13699D5B69F}.Release|Any CPU.Build.0 = Release|Any CPU
	EndGlobalSection
	GlobalSection(SolutionProperties) = preSolution
		HideSolutionNode = FALSE
	EndGlobalSection
	GlobalSection(ExtensibilityGlobals) = postSolution
		SolutionGuid = {35061989-8FBA-4003-9599-34EC2F0A6D0B}
	EndGlobalSection
EndGlobal
